
Microsoft Visual Studio Solution File, Format Version 12.00
# Visual Studio Version 17
VisualStudioVersion = 17.3.32929.385
MinimumVisualStudioVersion = 10.0.40219.1
Project("{FAE04EC0-301F-11D3-BF4B-00C04F79EFBC}") = "SingletonPattern", "SingletonPattern.csproj", "{EB91EAE7-E593-4A95-943F-8873166C5324}"
EndProject
Global
	GlobalSection(SolutionConfigurationPlatforms) = preSolution
		Debug|Any CPU = Debug|Any CPU
		Release|Any CPU = Release|Any CPU
	EndGlobalSection
	GlobalSection(ProjectConfigurationPlatforms) = postSolution
		{EB91EAE7-E593-4A95-943F-8873166C5324}.Debug|Any CPU.ActiveCfg = Debug|Any CPU
		{EB91EAE7-E593-4A95-943F-8873166C5324}.Debug|Any CPU.Build.0 = Debug|Any CPU
		{EB91EAE7-E593-4A95-943F-8873166C5324}.Release|Any CPU.ActiveCfg = Release|Any CPU
		{EB91EAE7-E593-4A95-943F-8873166C5324}.Release|Any CPU.Build.0 = Release|Any CPU
	EndGlobalSection
	GlobalSection(SolutionProperties) = preSolution
		HideSolutionNode = FALSE
	EndGlobalSection
	GlobalSection(ExtensibilityGlobals) = postSolution
		SolutionGuid = {C92D3109-E87D-4BE8-B460-870693A09262}
	EndGlobalSection
EndGlobal
