
Microsoft Visual Studio Solution File, Format Version 12.00
# Visual Studio Version 17
VisualStudioVersion = 17.3.32929.385
MinimumVisualStudioVersion = 10.0.40219.1
Project("{FAE04EC0-301F-11D3-BF4B-00C04F79EFBC}") = "FactoryPattern", "FactoryPattern.csproj", "{BEF19A4D-FF8D-4D09-97CF-5FD266BA547E}"
EndProject
Global
	GlobalSection(SolutionConfigurationPlatforms) = preSolution
		Debug|Any CPU = Debug|Any CPU
		Release|Any CPU = Release|Any CPU
	EndGlobalSection
	GlobalSection(ProjectConfigurationPlatforms) = postSolution
		{BEF19A4D-FF8D-4D09-97CF-5FD266BA547E}.Debug|Any CPU.ActiveCfg = Debug|Any CPU
		{BEF19A4D-FF8D-4D09-97CF-5FD266BA547E}.Debug|Any CPU.Build.0 = Debug|Any CPU
		{BEF19A4D-FF8D-4D09-97CF-5FD266BA547E}.Release|Any CPU.ActiveCfg = Release|Any CPU
		{BEF19A4D-FF8D-4D09-97CF-5FD266BA547E}.Release|Any CPU.Build.0 = Release|Any CPU
	EndGlobalSection
	GlobalSection(SolutionProperties) = preSolution
		HideSolutionNode = FALSE
	EndGlobalSection
	GlobalSection(ExtensibilityGlobals) = postSolution
		SolutionGuid = {57D2D3C1-5A07-483C-8D8D-400EA8E1CB35}
	EndGlobalSection
EndGlobal
